{
  "binary_ref": "project-sdk",
  "bundle_digest": "sha256:c9fdab785456a56138770be527dfc1e52e6e9fd5cc17ed0b31265161cc9f4a1e",
  "bundle_manifest_digest": "sha256:6c1112eb6659dbec48532a26e74f3a6777be287c2bed6a6c21f8ba4666ffe4bd",
  "bundle_resources": {
    "contracts": [
      "contracts/sdk-bundle.manifest.json",
      "contracts/project.schema.json",
      "contracts/development-scenarios.manifest.json",
      "contracts/transitions/zone-transition.manifest.json",
      "contracts/lifecycle-state-machines.manifest.json",
      "contracts/records/record-graph.contract.json",
      "contracts/records/worktree-record.schema.json",
      "contracts/records/reproduction-record.schema.json",
      "contracts/records/evidence-record.schema.json",
      "contracts/records/fix-candidate-record.schema.json",
      "contracts/records/review-record.schema.json",
      "contracts/records/effectiveness-record.schema.json",
      "contracts/records/collaboration-record.schema.json",
      "contracts/records/collaboration-index.schema.json",
      "contracts/records/merge-queue-record.schema.json",
      "contracts/records/merge-queue-state.schema.json",
      "contracts/records/integration-record.schema.json",
      "contracts/records/mainline-receipt-record.schema.json",
      "contracts/records/merge-record.schema.json",
      "contracts/records/promotion-record.schema.json",
      "contracts/records/freeze-record.schema.json",
      "contracts/records/regression-report.schema.json"
    ],
    "docs": [
      "docs/design/appsdk-project-integration.md",
      "docs/design/fix-lifecycle-v2.md",
      "docs/design/development-scenarios.md",
      "docs/architecture/appsdk-governance-architecture.md"
    ],
    "rules": [
      "skills/appsdk-project-governance/SKILL.md"
    ],
    "skills": [
      "skills/appsdk-project-governance/SKILL.md"
    ]
  },
  "compiler_digest": "sha256:c26e500e34c129b331543925943a0a07bcf2c3320bb40eaf4ef184dc8df6d560",
  "contract_schema": 1,
  "digest": "sha256:c26e500e34c129b331543925943a0a07bcf2c3320bb40eaf4ef184dc8df6d560",
  "sdk": "appsdk",
  "version": "0.1.4"
}
