{
  "binary_ref": "project-sdk",
  "bundle_digest": "sha256:cb54d8aacb6debffb202422307d67e6a1ea562e97e123a8a4240c4bf32a28591",
  "bundle_manifest_digest": "sha256:5e1977d7ee1d8ac2effc92bab780bdaf8c616782940f92177793e2be8751b3df",
  "bundle_resources": {
    "contracts": [
      "contracts/sdk-bundle.manifest.json",
      "contracts/project.schema.json",
      "contracts/development-scenarios.manifest.json",
      "contracts/guidance/guidance-manifest.schema.json",
      "contracts/guidance/tour-review.schema.json",
      "contracts/memory/memory-entry.schema.json",
      "contracts/maps/resource-map.json",
      "contracts/maps/function-map.json",
      "contracts/maps/mainline-call-map.json",
      "contracts/maps/verification-map.json",
      "contracts/migrations/sdk-0.1.5-to-0.1.6.json",
      "contracts/migrations/0.1.5/governance-maps/resource-map.json",
      "contracts/migrations/0.1.5/governance-maps/function-map.json",
      "contracts/migrations/0.1.5/governance-maps/mainline-call-map.json",
      "contracts/migrations/0.1.5/governance-maps/verification-map.json",
      "contracts/transitions/zone-transition.manifest.json",
      "contracts/lifecycle-state-machines.manifest.json",
      "contracts/records/record-graph.contract.json",
      "contracts/records/worktree-record.schema.json",
      "contracts/records/reproduction-record.schema.json",
      "contracts/records/evidence-record.schema.json",
      "contracts/records/fix-candidate-record.schema.json",
      "contracts/records/review-record.schema.json",
      "contracts/records/effectiveness-record.schema.json",
      "contracts/records/pre-review-validation-record.schema.json",
      "contracts/records/collaboration-record.schema.json",
      "contracts/records/collaboration-index.schema.json",
      "contracts/records/merge-queue-record.schema.json",
      "contracts/records/merge-queue-state.schema.json",
      "contracts/records/integration-record.schema.json",
      "contracts/records/mainline-receipt-record.schema.json",
      "contracts/records/merge-record.schema.json",
      "contracts/records/promotion-record.schema.json",
      "contracts/records/freeze-record.schema.json",
      "contracts/records/regression-report.schema.json",
      "contracts/records/plan-record.schema.json",
      "contracts/records/plan-revision-record.schema.json",
      "contracts/records/step-execution-record.schema.json"
    ],
    "docs": [
      "docs/design/appsdk-project-integration.md",
      "docs/design/fix-lifecycle-v2.md",
      "docs/design/development-scenarios.md",
      "docs/design/appsdk-guidance-framework.md",
      "docs/test-design/appsdk-guidance-framework.md",
      "docs/architecture/development-process-control-harness.md",
      "docs/architecture/appsdk-governance-architecture.md",
      "docs/design/project-memory.md"
    ],
    "rules": [
      "skills/appsdk-project-governance/SKILL.md"
    ],
    "skills": [
      "skills/appsdk-project-governance/SKILL.md",
      "skills/appsdk-project-governance/agents/openai.yaml",
      "skills/appsdk-project-governance/appsdk-guidance.json",
      "skills/appsdk-project-governance/references/bootstrap-migration.md",
      "skills/appsdk-project-governance/references/contracts-and-failures.md",
      "skills/appsdk-project-governance/references/development-debug.md",
      "skills/appsdk-project-governance/references/goal-prompt.md",
      "skills/appsdk-project-governance/references/process-control-harness.md",
      "skills/appsdk-project-governance/references/review-delivery.md",
      "skills/project-memory/SKILL.md"
    ]
  },
  "compiler_digest": "sha256:09de72eae0528b8860cf893ba8b5d194f7b3f4fbd8ebff04e93f1ccc972f9b25",
  "contract_schema": 1,
  "digest": "sha256:09de72eae0528b8860cf893ba8b5d194f7b3f4fbd8ebff04e93f1ccc972f9b25",
  "previous_bundle_digest": "sha256:001d1fae6bca07bd10e15eaf793ab56caa1d256f7da28585efbb1ae48052a584",
  "sdk": "appsdk",
  "version": "0.1.6"
}
